// !$*UTF8*$!
{
	archiveVersion = 1;
	classes = {
	};
	objectVersion = 56;
	objects = {

/* Begin PBXBuildFile section */
		5991FA3B2B67967900BF506E /* OnlineGroceriesApp.swift in Sources */ = {isa = PBXBuildFile; fileRef = 5991FA3A2B67967900BF506E /* OnlineGroceriesApp.swift */; };
		5991FA3D2B67967900BF506E /* ContentView.swift in Sources */ = {isa = PBXBuildFile; fileRef = 5991FA3C2B67967900BF506E /* ContentView.swift */; };
		5991FA3F2B67967C00BF506E /* Assets.xcassets in Resources */ = {isa = PBXBuildFile; fileRef = 5991FA3E2B67967C00BF506E /* Assets.xcassets */; };
		5991FA422B67967C00BF506E /* Preview Assets.xcassets in Resources */ = {isa = PBXBuildFile; fileRef = 5991FA412B67967C00BF506E /* Preview Assets.xcassets */; };
		5991FA4C2B67967C00BF506E /* OnlineGroceriesTests.swift in Sources */ = {isa = PBXBuildFile; fileRef = 5991FA4B2B67967C00BF506E /* OnlineGroceriesTests.swift */; };
		5991FA562B67967D00BF506E /* OnlineGroceriesUITests.swift in Sources */ = {isa = PBXBuildFile; fileRef = 5991FA552B67967D00BF506E /* OnlineGroceriesUITests.swift */; };
		5991FA582B67967D00BF506E /* OnlineGroceriesUITestsLaunchTests.swift in Sources */ = {isa = PBXBuildFile; fileRef = 5991FA572B67967D00BF506E /* OnlineGroceriesUITestsLaunchTests.swift */; };
/* End PBXBuildFile section */

/* Begin PBXContainerItemProxy section */
		5991FA482B67967C00BF506E /* PBXContainerItemProxy */ = {
			isa = PBXContainerItemProxy;
			containerPortal = 5991FA2F2B67967900BF506E /* Project object */;
			proxyType = 1;
			remoteGlobalIDString = 5991FA362B67967900BF506E;
			remoteInfo = OnlineGroceries;
		};
		5991FA522B67967D00BF506E /* PBXContainerItemProxy */ = {
			isa = PBXContainerItemProxy;
			containerPortal = 5991FA2F2B67967900BF506E /* Project object */;
			proxyType = 1;
			remoteGlobalIDString = 5991FA362B67967900BF506E;
			remoteInfo = OnlineGroceries;
		};
/* End PBXContainerItemProxy section */

/* Begin PBXFileReference section */
		5991FA372B67967900BF506E /* OnlineGroceries.app */ = {isa = PBXFileReference; explicitFileType = wrapper.application; includeInIndex = 0; path = OnlineGroceries.app; sourceTree = BUILT_PRODUCTS_DIR; };
		5991FA3A2B67967900BF506E /* OnlineGroceriesApp.swift */ = {isa = PBXFileReference; lastKnownFileType = sourcecode.swift; path = OnlineGroceriesApp.swift; sourceTree = "<group>"; };
		5991FA3C2B67967900BF506E /* ContentView.swift */ = {isa = PBXFileReference; lastKnownFileType = sourcecode.swift; path = ContentView.swift; sourceTree = "<group>"; };
		5991FA3E2B67967C00BF506E /* Assets.xcassets */ = {isa = PBXFileReference; lastKnownFileType = folder.assetcatalog; path = Assets.xcassets; sourceTree = "<group>"; };
		5991FA412B67967C00BF506E /* Preview Assets.xcassets */ = {isa = PBXFileReference; lastKnownFileType = folder.assetcatalog; path = "Preview Assets.xcassets"; sourceTree = "<group>"; };
		5991FA472B67967C00BF506E /* OnlineGroceriesTests.xctest */ = {isa = PBXFileReference; explicitFileType = wrapper.cfbundle; includeInIndex = 0; path = OnlineGroceriesTests.xctest; sourceTree = BUILT_PRODUCTS_DIR; };
		5991FA4B2B67967C00BF506E /* OnlineGroceriesTests.swift */ = {isa = PBXFileReference; lastKnownFileType = sourcecode.swift; path = OnlineGroceriesTests.swift; sourceTree = "<group>"; };
		5991FA512B67967D00BF506E /* OnlineGroceriesUITests.xctest */ = {isa = PBXFileReference; explicitFileType = wrapper.cfbundle; includeInIndex = 0; path = OnlineGroceriesUITests.xctest; sourceTree = BUILT_PRODUCTS_DIR; };
		5991FA552B67967D00BF506E /* OnlineGroceriesUITests.swift */ = {isa = PBXFileReference; lastKnownFileType = sourcecode.swift; path = OnlineGroceriesUITests.swift; sourceTree = "<group>"; };
		5991FA572B67967D00BF506E /* OnlineGroceriesUITestsLaunchTests.swift */ = {isa = PBXFileReference; lastKnownFileType = sourcecode.swift; path = OnlineGroceriesUITestsLaunchTests.swift; sourceTree = "<group>"; };
/* End PBXFileReference section */

/* Begin PBXFrameworksBuildPhase section */
		5991FA342B67967900BF506E /* Frameworks */ = {
			isa = PBXFrameworksBuildPhase;
			buildActionMask = 2147483647;
			files = (
			);
			runOnlyForDeploymentPostprocessing = 0;
		};
		5991FA442B67967C00BF506E /* Frameworks */ = {
			isa = PBXFrameworksBuildPhase;
			buildActionMask = 2147483647;
			files = (
			);
			runOnlyForDeploymentPostprocessing = 0;
		};
		5991FA4E2B67967D00BF506E /* Frameworks */ = {
			isa = PBXFrameworksBuildPhase;
			buildActionMask = 2147483647;
			files = (
			);
			runOnlyForDeploymentPostprocessing = 0;
		};
/* End PBXFrameworksBuildPhase section */

/* Begin PBXGroup section */
		5991FA2E2B67967900BF506E = {
			isa = PBXGroup;
			children = (
				5991FA392B67967900BF506E /* OnlineGroceries */,
				5991FA4A2B67967C00BF506E /* OnlineGroceriesTests */,
				5991FA542B67967D00BF506E /* OnlineGroceriesUITests */,
				5991FA382B67967900BF506E /* Products */,
			);
			sourceTree = "<group>";
		};
		5991FA382B67967900BF506E /* Products */ = {
			isa = PBXGroup;
			children = (
				5991FA372B67967900BF506E /* OnlineGroceries.app */,
				5991FA472B67967C00BF506E /* OnlineGroceriesTests.xctest */,
				5991FA512B67967D00BF506E /* OnlineGroceriesUITests.xctest */,
			);
			name = Products;
			sourceTree = "<group>";
		};
		5991FA392B67967900BF506E /* OnlineGroceries */ = {
			isa = PBXGroup;
			children = (
				5991FA3A2B67967900BF506E /* OnlineGroceriesApp.swift */,
				5991FA3C2B67967900BF506E /* ContentView.swift */,
				5991FA3E2B67967C00BF506E /* Assets.xcassets */,
				5991FA402B67967C00BF506E /* Preview Content */,
			);
			path = OnlineGroceries;
			sourceTree = "<group>";
		};
		5991FA402B67967C00BF506E /* Preview Content */ = {
			isa = PBXGroup;
			children = (
				5991FA412B67967C00BF506E /* Preview Assets.xcassets */,
			);
			path = "Preview Content";
			sourceTree = "<group>";
		};
		5991FA4A2B67967C00BF506E /* OnlineGroceriesTests */ = {
			isa = PBXGroup;
			children = (
				5991FA4B2B67967C00BF506E /* OnlineGroceriesTests.swift */,
			);
			path = OnlineGroceriesTests;
			sourceTree = "<group>";
		};
		5991FA542B67967D00BF506E /* OnlineGroceriesUITests */ = {
			isa = PBXGroup;
			children = (
				5991FA552B67967D00BF506E /* OnlineGroceriesUITests.swift */,
				5991FA572B67967D00BF506E /* OnlineGroceriesUITestsLaunchTests.swift */,
			);
			path = OnlineGroceriesUITests;
			sourceTree = "<group>";
		};
/* End PBXGroup section */

/* Begin PBXNativeTarget section */
		5991FA362B67967900BF506E /* OnlineGroceries */ = {
			isa = PBXNativeTarget;
			buildConfigurationList = 5991FA5B2B67967D00BF506E /* Build configuration list for PBXNativeTarget "OnlineGroceries" */;
			buildPhases = (
				5991FA332B67967900BF506E /* Sources */,
				5991FA342B67967900BF506E /* Frameworks */,
				5991FA352B67967900BF506E /* Resources */,
			);
			buildRules = (
			);
			dependencies = (
			);
			name = OnlineGroceries;
			productName = OnlineGroceries;
			productReference = 5991FA372B67967900BF506E /* OnlineGroceries.app */;
			productType = "com.apple.product-type.application";
		};
		5991FA462B67967C00BF506E /* OnlineGroceriesTests */ = {
			isa = PBXNativeTarget;
			buildConfigurationList = 5991FA5E2B67967D00BF506E /* Build configuration list for PBXNativeTarget "OnlineGroceriesTests" */;
			buildPhases = (
				5991FA432B67967C00BF506E /* Sources */,
				5991FA442B67967C00BF506E /* Frameworks */,
				5991FA452B67967C00BF506E /* Resources */,
			);
			buildRules = (
			);
			dependencies = (
				5991FA492B67967C00BF506E /* PBXTargetDependency */,
			);
			name = OnlineGroceriesTests;
			productName = OnlineGroceriesTests;
			productReference = 5991FA472B67967C00BF506E /* OnlineGroceriesTests.xctest */;
			productType = "com.apple.product-type.bundle.unit-test";
		};
		5991FA502B67967D00BF506E /* OnlineGroceriesUITests */ = {
			isa = PBXNativeTarget;
			buildConfigurationList = 5991FA612B67967D00BF506E /* Build configuration list for PBXNativeTarget "OnlineGroceriesUITests" */;
			buildPhases = (
				5991FA4D2B67967D00BF506E /* Sources */,
				5991FA4E2B67967D00BF506E /* Frameworks */,
				5991FA4F2B67967D00BF506E /* Resources */,
			);
			buildRules = (
			);
			dependencies = (
				5991FA532B67967D00BF506E /* PBXTargetDependency */,
			);
			name = OnlineGroceriesUITests;
			productName = OnlineGroceriesUITests;
			productReference = 5991FA512B67967D00BF506E /* OnlineGroceriesUITests.xctest */;
			productType = "com.apple.product-type.bundle.ui-testing";
		};
/* End PBXNativeTarget section */

/* Begin PBXProject section */
		5991FA2F2B67967900BF506E /* Project object */ = {
			isa = PBXProject;
			attributes = {
				BuildIndependentTargetsInParallel = 1;
				LastSwiftUpdateCheck = 1500;
				LastUpgradeCheck = 1500;
				TargetAttributes = {
					5991FA362B67967900BF506E = {
						CreatedOnToolsVersion = 15.0.1;
					};
					5991FA462B67967C00BF506E = {
						CreatedOnToolsVersion = 15.0.1;
						TestTargetID = 5991FA362B67967900BF506E;
					};
					5991FA502B67967D00BF506E = {
						CreatedOnToolsVersion = 15.0.1;
						TestTargetID = 5991FA362B67967900BF506E;
					};
				};
			};
			buildConfigurationList = 5991FA322B67967900BF506E /* Build configuration list for PBXProject "OnlineGroceries" */;
			compatibilityVersion = "Xcode 14.0";
			developmentRegion = en;
			hasScannedForEncodings = 0;
			knownRegions = (
				en,
				Base,
			);
			mainGroup = 5991FA2E2B67967900BF506E;
			productRefGroup = 5991FA382B67967900BF506E /* Products */;
			projectDirPath = "";
			projectRoot = "";
			targets = (
				5991FA362B67967900BF506E /* OnlineGroceries */,
				5991FA462B67967C00BF506E /* OnlineGroceriesTests */,
				5991FA502B67967D00BF506E /* OnlineGroceriesUITests */,
			);
		};
/* End PBXProject section */

/* Begin PBXResourcesBuildPhase section */
		5991FA352B67967900BF506E /* Resources */ = {
			isa = PBXResourcesBuildPhase;
			buildActionMask = 2147483647;
			files = (
				5991FA422B67967C00BF506E /* Preview Assets.xcassets in Resources */,
				5991FA3F2B67967C00BF506E /* Assets.xcassets in Resources */,
			);
			runOnlyForDeploymentPostprocessing = 0;
		};
		5991FA452B67967C00BF506E /* Resources */ = {
			isa = PBXResourcesBuildPhase;
			buildActionMask = 2147483647;
			files = (
			);
			runOnlyForDeploymentPostprocessing = 0;
		};
		5991FA4F2B67967D00BF506E /* Resources */ = {
			isa = PBXResourcesBuildPhase;
			buildActionMask = 2147483647;
			files = (
			);
			runOnlyForDeploymentPostprocessing = 0;
		};
/* End PBXResourcesBuildPhase section */

/* Begin PBXSourcesBuildPhase section */
		5991FA332B67967900BF506E /* Sources */ = {
			isa = PBXSourcesBuildPhase;
			buildActionMask = 2147483647;
			files = (
				5991FA3D2B67967900BF506E /* ContentView.swift in Sources */,
				5991FA3B2B67967900BF506E /* OnlineGroceriesApp.swift in Sources */,
			);
			runOnlyForDeploymentPostprocessing = 0;
		};
		5991FA432B67967C00BF506E /* Sources */ = {
			isa = PBXSourcesBuildPhase;
			buildActionMask = 2147483647;
			files = (
				5991FA4C2B67967C00BF506E /* OnlineGroceriesTests.swift in Sources */,
			);
			runOnlyForDeploymentPostprocessing = 0;
		};
		5991FA4D2B67967D00BF506E /* Sources */ = {
			isa = PBXSourcesBuildPhase;
			buildActionMask = 2147483647;
			files = (
				5991FA562B67967D00BF506E /* OnlineGroceriesUITests.swift in Sources */,
				5991FA582B67967D00BF506E /* OnlineGroceriesUITestsLaunchTests.swift in Sources */,
			);
			runOnlyForDeploymentPostprocessing = 0;
		};
/* End PBXSourcesBuildPhase section */

/* Begin PBXTargetDependency section */
		5991FA492B67967C00BF506E /* PBXTargetDependency */ = {
			isa = PBXTargetDependency;
			target = 5991FA362B67967900BF506E /* OnlineGroceries */;
			targetProxy = 5991FA482B67967C00BF506E /* PBXContainerItemProxy */;
		};
		5991FA532B67967D00BF506E /* PBXTargetDependency */ = {
			isa = PBXTargetDependency;
			target = 5991FA362B67967900BF506E /* OnlineGroceries */;
			targetProxy = 5991FA522B67967D00BF506E /* PBXContainerItemProxy */;
		};
/* End PBXTargetDependency section */

/* Begin XCBuildConfiguration section */
		5991FA592B67967D00BF506E /* Debug */ = {
			isa = XCBuildConfiguration;
			buildSettings = {
				ALWAYS_SEARCH_USER_PATHS = NO;
				ASSETCATALOG_COMPILER_GENERATE_SWIFT_ASSET_SYMBOL_EXTENSIONS = YES;
				CLANG_ANALYZER_NONNULL = YES;
				CLANG_ANALYZER_NUMBER_OBJECT_CONVERSION = YES_AGGRESSIVE;
				CLANG_CXX_LANGUAGE_STANDARD = "gnu++20";
				CLANG_ENABLE_MODULES = YES;
				CLANG_ENABLE_OBJC_ARC = YES;
				CLANG_ENABLE_OBJC_WEAK = YES;
				CLANG_WARN_BLOCK_CAPTURE_AUTORELEASING = YES;
				CLANG_WARN_BOOL_CONVERSION = YES;
				CLANG_WARN_COMMA = YES;
				CLANG_WARN_CONSTANT_CONVERSION = YES;
				CLANG_WARN_DEPRECATED_OBJC_IMPLEMENTATIONS = YES;
				CLANG_WARN_DIRECT_OBJC_ISA_USAGE = YES_ERROR;
				CLANG_WARN_DOCUMENTATION_COMMENTS = YES;
				CLANG_WARN_EMPTY_BODY = YES;
				CLANG_WARN_ENUM_CONVERSION = YES;
				CLANG_WARN_INFINITE_RECURSION = YES;
				CLANG_WARN_INT_CONVERSION = YES;
				CLANG_WARN_NON_LITERAL_NULL_CONVERSION = YES;
				CLANG_WARN_OBJC_IMPLICIT_RETAIN_SELF = YES;
				CLANG_WARN_OBJC_LITERAL_CONVERSION = YES;
				CLANG_WARN_OBJC_ROOT_CLASS = YES_ERROR;
				CLANG_WARN_QUOTED_INCLUDE_IN_FRAMEWORK_HEADER = YES;
				CLANG_WARN_RANGE_LOOP_ANALYSIS = YES;
				CLANG_WARN_STRICT_PROTOTYPES = YES;
				CLANG_WARN_SUSPICIOUS_MOVE = YES;
				CLANG_WARN_UNGUARDED_AVAILABILITY = YES_AGGRESSIVE;
				CLANG_WARN_UNREACHABLE_CODE = YES;
				CLANG_WARN__DUPLICATE_METHOD_MATCH = YES;
				COPY_PHASE_STRIP = NO;
				DEBUG_INFORMATION_FORMAT = dwarf;
				ENABLE_STRICT_OBJC_MSGSEND = YES;
				ENABLE_TESTABILITY = YES;
				ENABLE_USER_SCRIPT_SANDBOXING = YES;
				GCC_C_LANGUAGE_STANDARD = gnu17;
				GCC_DYNAMIC_NO_PIC = NO;
				GCC_NO_COMMON_BLOCKS = YES;
				GCC_OPTIMIZATION_LEVEL = 0;
				GCC_PREPROCESSOR_DEFINITIONS = (
					"DEBUG=1",
					"$(inherited)",
				);
				GCC_WARN_64_TO_32_BIT_CONVERSION = YES;
				GCC_WARN_ABOUT_RETURN_TYPE = YES_ERROR;
				GCC_WARN_UNDECLARED_SELECTOR = YES;
				GCC_WARN_UNINITIALIZED_AUTOS = YES_AGGRESSIVE;
				GCC_WARN_UNUSED_FUNCTION = YES;
				GCC_WARN_UNUSED_VARIABLE = YES;
				IPHONEOS_DEPLOYMENT_TARGET = 17.0;
				LOCALIZATION_PREFERS_STRING_CATALOGS = YES;
				MTL_ENABLE_DEBUG_INFO = INCLUDE_SOURCE;
				MTL_FAST_MATH = YES;
				ONLY_ACTIVE_ARCH = YES;
				SDKROOT = iphoneos;
				SWIFT_ACTIVE_COMPILATION_CONDITIONS = "DEBUG $(inherited)";
				SWIFT_OPTIMIZATION_LEVEL = "-Onone";
			};
			name = Debug;
		};
		5991FA5A2B67967D00BF506E /* Release */ = {
			isa = XCBuildConfiguration;
			buildSettings = {
				ALWAYS_SEARCH_USER_PATHS = NO;
				ASSETCATALOG_COMPILER_GENERATE_SWIFT_ASSET_SYMBOL_EXTENSIONS = YES;
				CLANG_ANALYZER_NONNULL = YES;
				CLANG_ANALYZER_NUMBER_OBJECT_CONVERSION = YES_AGGRESSIVE;
				CLANG_CXX_LANGUAGE_STANDARD = "gnu++20";
				CLANG_ENABLE_MODULES = YES;
				CLANG_ENABLE_OBJC_ARC = YES;
				CLANG_ENABLE_OBJC_WEAK = YES;
				CLANG_WARN_BLOCK_CAPTURE_AUTORELEASING = YES;
				CLANG_WARN_BOOL_CONVERSION = YES;
				CLANG_WARN_COMMA = YES;
				CLANG_WARN_CONSTANT_CONVERSION = YES;
				CLANG_WARN_DEPRECATED_OBJC_IMPLEMENTATIONS = YES;
				CLANG_WARN_DIRECT_OBJC_ISA_USAGE = YES_ERROR;
				CLANG_WARN_DOCUMENTATION_COMMENTS = YES;
				CLANG_WARN_EMPTY_BODY = YES;
				CLANG_WARN_ENUM_CONVERSION = YES;
				CLANG_WARN_INFINITE_RECURSION = YES;
				CLANG_WARN_INT_CONVERSION = YES;
				CLANG_WARN_NON_LITERAL_NULL_CONVERSION = YES;
				CLANG_WARN_OBJC_IMPLICIT_RETAIN_SELF = YES;
				CLANG_WARN_OBJC_LITERAL_CONVERSION = YES;
				CLANG_WARN_OBJC_ROOT_CLASS = YES_ERROR;
				CLANG_WARN_QUOTED_INCLUDE_IN_FRAMEWORK_HEADER = YES;
				CLANG_WARN_RANGE_LOOP_ANALYSIS = YES;
				CLANG_WARN_STRICT_PROTOTYPES = YES;
				CLANG_WARN_SUSPICIOUS_MOVE = YES;
				CLANG_WARN_UNGUARDED_AVAILABILITY = YES_AGGRESSIVE;
				CLANG_WARN_UNREACHABLE_CODE = YES;
				CLANG_WARN__DUPLICATE_METHOD_MATCH = YES;
				COPY_PHASE_STRIP = NO;
				DEBUG_INFORMATION_FORMAT = "dwarf-with-dsym";
				ENABLE_NS_ASSERTIONS = NO;
				ENABLE_STRICT_OBJC_MSGSEND = YES;
				ENABLE_USER_SCRIPT_SANDBOXING = YES;
				GCC_C_LANGUAGE_STANDARD = gnu17;
				GCC_NO_COMMON_BLOCKS = YES;
				GCC_WARN_64_TO_32_BIT_CONVERSION = YES;
				GCC_WARN_ABOUT_RETURN_TYPE = YES_ERROR;
				GCC_WARN_UNDECLARED_SELECTOR = YES;
				GCC_WARN_UNINITIALIZED_AUTOS = YES_AGGRESSIVE;
				GCC_WARN_UNUSED_FUNCTION = YES;
				GCC_WARN_UNUSED_VARIABLE = YES;
				IPHONEOS_DEPLOYMENT_TARGET = 17.0;
				LOCALIZATION_PREFERS_STRING_CATALOGS = YES;
				MTL_ENABLE_DEBUG_INFO = NO;
				MTL_FAST_MATH = YES;
				SDKROOT = iphoneos;
				SWIFT_COMPILATION_MODE = wholemodule;
				VALIDATE_PRODUCT = YES;
			};
			name = Release;
		};
		5991FA5C2B67967D00BF506E /* Debug */ = {
			isa = XCBuildConfiguration;
			buildSettings = {
				ASSETCATALOG_COMPILER_APPICON_NAME = AppIcon;
				ASSETCATALOG_COMPILER_GLOBAL_ACCENT_COLOR_NAME = AccentColor;
				CODE_SIGN_STYLE = Automatic;
				CURRENT_PROJECT_VERSION = 1;
				DEVELOPMENT_ASSET_PATHS = "\"OnlineGroceries/Preview Content\"";
				ENABLE_PREVIEWS = YES;
				GENERATE_INFOPLIST_FILE = YES;
				INFOPLIST_KEY_UIApplicationSceneManifest_Generation = YES;
				INFOPLIST_KEY_UIApplicationSupportsIndirectInputEvents = YES;
				INFOPLIST_KEY_UILaunchScreen_Generation = YES;
				INFOPLIST_KEY_UISupportedInterfaceOrientations_iPad = "UIInterfaceOrientationPortrait UIInterfaceOrientationPortraitUpsideDown UIInterfaceOrientationLandscapeLeft UIInterfaceOrientationLandscapeRight";
				INFOPLIST_KEY_UISupportedInterfaceOrientations_iPhone = "UIInterfaceOrientationPortrait UIInterfaceOrientationLandscapeLeft UIInterfaceOrientationLandscapeRight";
				LD_RUNPATH_SEARCH_PATHS = (
					"$(inherited)",
					"@executable_path/Frameworks",
				);
				MARKETING_VERSION = 1.0;
				PRODUCT_BUNDLE_IDENTIFIER = cypher.OnlineGroceries;
				PRODUCT_NAME = "$(TARGET_NAME)";
				SWIFT_EMIT_LOC_STRINGS = YES;
				SWIFT_VERSION = 5.0;
				TARGETED_DEVICE_FAMILY = "1,2";
			};
			name = Debug;
		};
		5991FA5D2B67967D00BF506E /* Release */ = {
			isa = XCBuildConfiguration;
			buildSettings = {
				ASSETCATALOG_COMPILER_APPICON_NAME = AppIcon;
				ASSETCATALOG_COMPILER_GLOBAL_ACCENT_COLOR_NAME = AccentColor;
				CODE_SIGN_STYLE = Automatic;
				CURRENT_PROJECT_VERSION = 1;
				DEVELOPMENT_ASSET_PATHS = "\"OnlineGroceries/Preview Content\"";
				ENABLE_PREVIEWS = YES;
				GENERATE_INFOPLIST_FILE = YES;
				INFOPLIST_KEY_UIApplicationSceneManifest_Generation = YES;
				INFOPLIST_KEY_UIApplicationSupportsIndirectInputEvents = YES;
				INFOPLIST_KEY_UILaunchScreen_Generation = YES;
				INFOPLIST_KEY_UISupportedInterfaceOrientations_iPad = "UIInterfaceOrientationPortrait UIInterfaceOrientationPortraitUpsideDown UIInterfaceOrientationLandscapeLeft UIInterfaceOrientationLandscapeRight";
				INFOPLIST_KEY_UISupportedInterfaceOrientations_iPhone = "UIInterfaceOrientationPortrait UIInterfaceOrientationLandscapeLeft UIInterfaceOrientationLandscapeRight";
				LD_RUNPATH_SEARCH_PATHS = (
					"$(inherited)",
					"@executable_path/Frameworks",
				);
				MARKETING_VERSION = 1.0;
				PRODUCT_BUNDLE_IDENTIFIER = cypher.OnlineGroceries;
				PRODUCT_NAME = "$(TARGET_NAME)";
				SWIFT_EMIT_LOC_STRINGS = YES;
				SWIFT_VERSION = 5.0;
				TARGETED_DEVICE_FAMILY = "1,2";
			};
			name = Release;
		};
		5991FA5F2B67967D00BF506E /* Debug */ = {
			isa = XCBuildConfiguration;
			buildSettings = {
				ALWAYS_EMBED_SWIFT_STANDARD_LIBRARIES = YES;
				BUNDLE_LOADER = "$(TEST_HOST)";
				CODE_SIGN_STYLE = Automatic;
				CURRENT_PROJECT_VERSION = 1;
				GENERATE_INFOPLIST_FILE = YES;
				IPHONEOS_DEPLOYMENT_TARGET = 17.0;
				MARKETING_VERSION = 1.0;
				PRODUCT_BUNDLE_IDENTIFIER = cypher.OnlineGroceriesTests;
				PRODUCT_NAME = "$(TARGET_NAME)";
				SWIFT_EMIT_LOC_STRINGS = NO;
				SWIFT_VERSION = 5.0;
				TARGETED_DEVICE_FAMILY = "1,2";
				TEST_HOST = "$(BUILT_PRODUCTS_DIR)/OnlineGroceries.app/$(BUNDLE_EXECUTABLE_FOLDER_PATH)/OnlineGroceries";
			};
			name = Debug;
		};
		5991FA602B67967D00BF506E /* Release */ = {
			isa = XCBuildConfiguration;
			buildSettings = {
				ALWAYS_EMBED_SWIFT_STANDARD_LIBRARIES = YES;
				BUNDLE_LOADER = "$(TEST_HOST)";
				CODE_SIGN_STYLE = Automatic;
				CURRENT_PROJECT_VERSION = 1;
				GENERATE_INFOPLIST_FILE = YES;
				IPHONEOS_DEPLOYMENT_TARGET = 17.0;
				MARKETING_VERSION = 1.0;
				PRODUCT_BUNDLE_IDENTIFIER = cypher.OnlineGroceriesTests;
				PRODUCT_NAME = "$(TARGET_NAME)";
				SWIFT_EMIT_LOC_STRINGS = NO;
				SWIFT_VERSION = 5.0;
				TARGETED_DEVICE_FAMILY = "1,2";
				TEST_HOST = "$(BUILT_PRODUCTS_DIR)/OnlineGroceries.app/$(BUNDLE_EXECUTABLE_FOLDER_PATH)/OnlineGroceries";
			};
			name = Release;
		};
		5991FA622B67967D00BF506E /* Debug */ = {
			isa = XCBuildConfiguration;
			buildSettings = {
				ALWAYS_EMBED_SWIFT_STANDARD_LIBRARIES = YES;
				CODE_SIGN_STYLE = Automatic;
				CURRENT_PROJECT_VERSION = 1;
				GENERATE_INFOPLIST_FILE = YES;
				MARKETING_VERSION = 1.0;
				PRODUCT_BUNDLE_IDENTIFIER = cypher.OnlineGroceriesUITests;
				PRODUCT_NAME = "$(TARGET_NAME)";
				SWIFT_EMIT_LOC_STRINGS = NO;
				SWIFT_VERSION = 5.0;
				TARGETED_DEVICE_FAMILY = "1,2";
				TEST_TARGET_NAME = OnlineGroceries;
			};
			name = Debug;
		};
		5991FA632B67967D00BF506E /* Release */ = {
			isa = XCBuildConfiguration;
			buildSettings = {
				ALWAYS_EMBED_SWIFT_STANDARD_LIBRARIES = YES;
				CODE_SIGN_STYLE = Automatic;
				CURRENT_PROJECT_VERSION = 1;
				GENERATE_INFOPLIST_FILE = YES;
				MARKETING_VERSION = 1.0;
				PRODUCT_BUNDLE_IDENTIFIER = cypher.OnlineGroceriesUITests;
				PRODUCT_NAME = "$(TARGET_NAME)";
				SWIFT_EMIT_LOC_STRINGS = NO;
				SWIFT_VERSION = 5.0;
				TARGETED_DEVICE_FAMILY = "1,2";
				TEST_TARGET_NAME = OnlineGroceries;
			};
			name = Release;
		};
/* End XCBuildConfiguration section */

/* Begin XCConfigurationList section */
		5991FA322B67967900BF506E /* Build configuration list for PBXProject "OnlineGroceries" */ = {
			isa = XCConfigurationList;
			buildConfigurations = (
				5991FA592B67967D00BF506E /* Debug */,
				5991FA5A2B67967D00BF506E /* Release */,
			);
			defaultConfigurationIsVisible = 0;
			defaultConfigurationName = Release;
		};
		5991FA5B2B67967D00BF506E /* Build configuration list for PBXNativeTarget "OnlineGroceries" */ = {
			isa = XCConfigurationList;
			buildConfigurations = (
				5991FA5C2B67967D00BF506E /* Debug */,
				5991FA5D2B67967D00BF506E /* Release */,
			);
			defaultConfigurationIsVisible = 0;
			defaultConfigurationName = Release;
		};
		5991FA5E2B67967D00BF506E /* Build configuration list for PBXNativeTarget "OnlineGroceriesTests" */ = {
			isa = XCConfigurationList;
			buildConfigurations = (
				5991FA5F2B67967D00BF506E /* Debug */,
				5991FA602B67967D00BF506E /* Release */,
			);
			defaultConfigurationIsVisible = 0;
			defaultConfigurationName = Release;
		};
		5991FA612B67967D00BF506E /* Build configuration list for PBXNativeTarget "OnlineGroceriesUITests" */ = {
			isa = XCConfigurationList;
			buildConfigurations = (
				5991FA622B67967D00BF506E /* Debug */,
				5991FA632B67967D00BF506E /* Release */,
			);
			defaultConfigurationIsVisible = 0;
			defaultConfigurationName = Release;
		};
/* End XCConfigurationList section */
	};
	rootObject = 5991FA2F2B67967900BF506E /* Project object */;
}
